PODS:
  - DACircularProgress (2.3.1)
  - FBSnapshotTestCase (1.8.1)
  - Nimble (2.0.0-rc.3)
  - Nimble-Snapshots (1.0.0):
    - FBSnapshotTestCase (~> 1.7)
    - Nimble (~> 2.0.0-rc.2)
    - Quick (~> 0.5)
  - pop (1.0.8)
  - Quick (0.6.0)
  - SDWebImage (3.7.3):
    - SDWebImage/Core (= 3.7.3)
  - SDWebImage/Core (3.7.3)
  - SSImageBrowser (2.0.0):
    - DACircularProgress
    - pop
    - SDWebImage

DEPENDENCIES:
  - FBSnapshotTestCase
  - Nimble (~> 2.0.0-rc.3)
  - Nimble-Snapshots (~> 1.0.0)
  - Quick (~> 0.6.0)
  - SSImageBrowser (from `../`)

EXTERNAL SOURCES:
  SSImageBrowser:
    :path: ../

SPEC CHECKSUMS:
  DACircularProgress: 4dd437c0fc3da5161cb289e07ac449493d41db71
  FBSnapshotTestCase: 3dc3899168747a0319c5278f5b3445c13a6532dd
  Nimble: 9dff98ee195ffe7351d3b2fb01d3a1420fd97948
  Nimble-Snapshots: c16dd279a4840ec06288198fafd53f3c17750ff3
  pop: bb773ae2c791ca2629de13b347e7a8b450fa6a57
  Quick: 563686dbcf0ae0f9f7401ac9cd2d786ee1b7f3d7
  SDWebImage: 1d2b1a1efda1ade1b00b6f8498865f8ddedc8a84
  SSImageBrowser: 4c5bf1c65566cc55ecff48617f14685f42867183

COCOAPODS: 0.39.0
