// !$*UTF8*$!
{
	archiveVersion = 1;
	classes = {
	};
	objectVersion = 46;
	objects = {

/* Begin PBXBuildFile section */
		1699747F1D00229300B6E953 /* SSImageBrowser.h in Headers */ = {isa = PBXBuildFile; fileRef = 1699747E1D00229300B6E953 /* SSImageBrowser.h */; settings = {ATTRIBUTES = (Public, ); }; };
		169974831D00229300B6E953 /* SSImageBrowser.framework in Frameworks */ = {isa = PBXBuildFile; fileRef = 1699747C1D00229300B6E953 /* SSImageBrowser.framework */; };
		169974841D00229300B6E953 /* SSImageBrowser.framework in Embed Frameworks */ = {isa = PBXBuildFile; fileRef = 1699747C1D00229300B6E953 /* SSImageBrowser.framework */; settings = {ATTRIBUTES = (CodeSignOnCopy, RemoveHeadersOnCopy, ); }; };
		1699748A1D00229E00B6E953 /* MessageUI.framework in Frameworks */ = {isa = PBXBuildFile; fileRef = 169974891D00229E00B6E953 /* MessageUI.framework */; };
		1699748C1D0022A500B6E953 /* QuartzCore.framework in Frameworks */ = {isa = PBXBuildFile; fileRef = 1699748B1D0022A500B6E953 /* QuartzCore.framework */; };
		1699748E1D0022AC00B6E953 /* SystemConfiguration.framework in Frameworks */ = {isa = PBXBuildFile; fileRef = 1699748D1D0022AC00B6E953 /* SystemConfiguration.framework */; };
		169974901D0022B300B6E953 /* MobileCoreServices.framework in Frameworks */ = {isa = PBXBuildFile; fileRef = 1699748F1D0022B300B6E953 /* MobileCoreServices.framework */; };
		169974921D0022B900B6E953 /* Security.framework in Frameworks */ = {isa = PBXBuildFile; fileRef = 169974911D0022B900B6E953 /* Security.framework */; };
		169974941D0022BE00B6E953 /* Photos.framework in Frameworks */ = {isa = PBXBuildFile; fileRef = 169974931D0022BE00B6E953 /* Photos.framework */; };
		1699749F1D0022F000B6E953 /* IDMPBLocalizations.bundle in Resources */ = {isa = PBXBuildFile; fileRef = 169974951D0022F000B6E953 /* IDMPBLocalizations.bundle */; };
		169974A01D0022F000B6E953 /* IDMPhotoBrowser.bundle in Resources */ = {isa = PBXBuildFile; fileRef = 169974961D0022F000B6E953 /* IDMPhotoBrowser.bundle */; };
		169974A11D0022F000B6E953 /* SSCaptionView.swift in Sources */ = {isa = PBXBuildFile; fileRef = 169974971D0022F000B6E953 /* SSCaptionView.swift */; };
		169974A21D0022F000B6E953 /* SSConfig.swift in Sources */ = {isa = PBXBuildFile; fileRef = 169974981D0022F000B6E953 /* SSConfig.swift */; };
		169974A31D0022F000B6E953 /* SSImageBrowser.swift in Sources */ = {isa = PBXBuildFile; fileRef = 169974991D0022F000B6E953 /* SSImageBrowser.swift */; };
		169974A41D0022F000B6E953 /* SSPhoto.swift in Sources */ = {isa = PBXBuildFile; fileRef = 1699749A1D0022F000B6E953 /* SSPhoto.swift */; };
		169974A61D0022F000B6E953 /* SSTapDetectingImageView.swift in Sources */ = {isa = PBXBuildFile; fileRef = 1699749C1D0022F000B6E953 /* SSTapDetectingImageView.swift */; };
		169974A71D0022F000B6E953 /* SSTapDetectingView.swift in Sources */ = {isa = PBXBuildFile; fileRef = 1699749D1D0022F000B6E953 /* SSTapDetectingView.swift */; };
		169974A81D0022F000B6E953 /* SSZoomingScrollView.swift in Sources */ = {isa = PBXBuildFile; fileRef = 1699749E1D0022F000B6E953 /* SSZoomingScrollView.swift */; };
		16F1B6C91B521D1A003BF3CD /* TableViewController.swift in Sources */ = {isa = PBXBuildFile; fileRef = 16F1B6C81B521D1A003BF3CD /* TableViewController.swift */; };
		16F1B6D31B521FA6003BF3CD /* photo1l.jpg in Resources */ = {isa = PBXBuildFile; fileRef = 16F1B6CB1B521FA6003BF3CD /* photo1l.jpg */; };
		16F1B6D41B521FA6003BF3CD /* photo1m.jpg in Resources */ = {isa = PBXBuildFile; fileRef = 16F1B6CC1B521FA6003BF3CD /* photo1m.jpg */; };
		16F1B6D51B521FA6003BF3CD /* photo2l.jpg in Resources */ = {isa = PBXBuildFile; fileRef = 16F1B6CD1B521FA6003BF3CD /* photo2l.jpg */; };
		16F1B6D61B521FA6003BF3CD /* photo2m.jpg in Resources */ = {isa = PBXBuildFile; fileRef = 16F1B6CE1B521FA6003BF3CD /* photo2m.jpg */; };
		16F1B6D71B521FA6003BF3CD /* photo3l.jpg in Resources */ = {isa = PBXBuildFile; fileRef = 16F1B6CF1B521FA6003BF3CD /* photo3l.jpg */; };
		16F1B6D81B521FA6003BF3CD /* photo3m.jpg in Resources */ = {isa = PBXBuildFile; fileRef = 16F1B6D01B521FA6003BF3CD /* photo3m.jpg */; };
		16F1B6D91B521FA6003BF3CD /* photo4l.jpg in Resources */ = {isa = PBXBuildFile; fileRef = 16F1B6D11B521FA6003BF3CD /* photo4l.jpg */; };
		16F1B6DA1B521FA6003BF3CD /* photo4m.jpg in Resources */ = {isa = PBXBuildFile; fileRef = 16F1B6D21B521FA6003BF3CD /* photo4m.jpg */; };
		607FACD61AFB9204008FA782 /* AppDelegate.swift in Sources */ = {isa = PBXBuildFile; fileRef = 607FACD51AFB9204008FA782 /* AppDelegate.swift */; };
		607FACDB1AFB9204008FA782 /* Main.storyboard in Resources */ = {isa = PBXBuildFile; fileRef = 607FACD91AFB9204008FA782 /* Main.storyboard */; };
		607FACDD1AFB9204008FA782 /* Images.xcassets in Resources */ = {isa = PBXBuildFile; fileRef = 607FACDC1AFB9204008FA782 /* Images.xcassets */; };
		607FACE01AFB9204008FA782 /* LaunchScreen.xib in Resources */ = {isa = PBXBuildFile; fileRef = 607FACDE1AFB9204008FA782 /* LaunchScreen.xib */; };
/* End PBXBuildFile section */

/* Begin PBXContainerItemProxy section */
		169974811D00229300B6E953 /* PBXContainerItemProxy */ = {
			isa = PBXContainerItemProxy;
			containerPortal = 607FACC81AFB9204008FA782 /* Project object */;
			proxyType = 1;
			remoteGlobalIDString = 1699747B1D00229300B6E953;
			remoteInfo = SSImageBrowser;
		};
/* End PBXContainerItemProxy section */

/* Begin PBXCopyFilesBuildPhase section */
		169974881D00229300B6E953 /* Embed Frameworks */ = {
			isa = PBXCopyFilesBuildPhase;
			buildActionMask = 2147483647;
			dstPath = "";
			dstSubfolderSpec = 10;
			files = (
				169974841D00229300B6E953 /* SSImageBrowser.framework in Embed Frameworks */,
			);
			name = "Embed Frameworks";
			runOnlyForDeploymentPostprocessing = 0;
		};
/* End PBXCopyFilesBuildPhase section */

/* Begin PBXFileReference section */
		1699747C1D00229300B6E953 /* SSImageBrowser.framework */ = {isa = PBXFileReference; explicitFileType = wrapper.framework; includeInIndex = 0; path = SSImageBrowser.framework; sourceTree = BUILT_PRODUCTS_DIR; };
		1699747E1D00229300B6E953 /* SSImageBrowser.h */ = {isa = PBXFileReference; lastKnownFileType = sourcecode.c.h; path = SSImageBrowser.h; sourceTree = "<group>"; };
		169974801D00229300B6E953 /* Info.plist */ = {isa = PBXFileReference; lastKnownFileType = text.plist.xml; path = Info.plist; sourceTree = "<group>"; };
		169974891D00229E00B6E953 /* MessageUI.framework */ = {isa = PBXFileReference; lastKnownFileType = wrapper.framework; name = MessageUI.framework; path = System/Library/Frameworks/MessageUI.framework; sourceTree = SDKROOT; };
		1699748B1D0022A500B6E953 /* QuartzCore.framework */ = {isa = PBXFileReference; lastKnownFileType = wrapper.framework; name = QuartzCore.framework; path = System/Library/Frameworks/QuartzCore.framework; sourceTree = SDKROOT; };
		1699748D1D0022AC00B6E953 /* SystemConfiguration.framework */ = {isa = PBXFileReference; lastKnownFileType = wrapper.framework; name = SystemConfiguration.framework; path = System/Library/Frameworks/SystemConfiguration.framework; sourceTree = SDKROOT; };
		1699748F1D0022B300B6E953 /* MobileCoreServices.framework */ = {isa = PBXFileReference; lastKnownFileType = wrapper.framework; name = MobileCoreServices.framework; path = System/Library/Frameworks/MobileCoreServices.framework; sourceTree = SDKROOT; };
		169974911D0022B900B6E953 /* Security.framework */ = {isa = PBXFileReference; lastKnownFileType = wrapper.framework; name = Security.framework; path = System/Library/Frameworks/Security.framework; sourceTree = SDKROOT; };
		169974931D0022BE00B6E953 /* Photos.framework */ = {isa = PBXFileReference; lastKnownFileType = wrapper.framework; name = Photos.framework; path = System/Library/Frameworks/Photos.framework; sourceTree = SDKROOT; };
		169974951D0022F000B6E953 /* IDMPBLocalizations.bundle */ = {isa = PBXFileReference; lastKnownFileType = "wrapper.plug-in"; name = IDMPBLocalizations.bundle; path = ../../Source/IDMPBLocalizations.bundle; sourceTree = "<group>"; };
		169974961D0022F000B6E953 /* IDMPhotoBrowser.bundle */ = {isa = PBXFileReference; lastKnownFileType = "wrapper.plug-in"; name = IDMPhotoBrowser.bundle; path = ../../Source/IDMPhotoBrowser.bundle; sourceTree = "<group>"; };
		169974971D0022F000B6E953 /* SSCaptionView.swift */ = {isa = PBXFileReference; fileEncoding = 4; lastKnownFileType = sourcecode.swift; name = SSCaptionView.swift; path = ../../Source/SSCaptionView.swift; sourceTree = "<group>"; };
		169974981D0022F000B6E953 /* SSConfig.swift */ = {isa = PBXFileReference; fileEncoding = 4; lastKnownFileType = sourcecode.swift; name = SSConfig.swift; path = ../../Source/SSConfig.swift; sourceTree = "<group>"; };
		169974991D0022F000B6E953 /* SSImageBrowser.swift */ = {isa = PBXFileReference; fileEncoding = 4; lastKnownFileType = sourcecode.swift; name = SSImageBrowser.swift; path = ../../Source/SSImageBrowser.swift; sourceTree = "<group>"; };
		1699749A1D0022F000B6E953 /* SSPhoto.swift */ = {isa = PBXFileReference; fileEncoding = 4; lastKnownFileType = sourcecode.swift; name = SSPhoto.swift; path = ../../Source/SSPhoto.swift; sourceTree = "<group>"; };
		1699749C1D0022F000B6E953 /* SSTapDetectingImageView.swift */ = {isa = PBXFileReference; fileEncoding = 4; lastKnownFileType = sourcecode.swift; name = SSTapDetectingImageView.swift; path = ../../Source/SSTapDetectingImageView.swift; sourceTree = "<group>"; };
		1699749D1D0022F000B6E953 /* SSTapDetectingView.swift */ = {isa = PBXFileReference; fileEncoding = 4; lastKnownFileType = sourcecode.swift; name = SSTapDetectingView.swift; path = ../../Source/SSTapDetectingView.swift; sourceTree = "<group>"; };
		1699749E1D0022F000B6E953 /* SSZoomingScrollView.swift */ = {isa = PBXFileReference; fileEncoding = 4; lastKnownFileType = sourcecode.swift; name = SSZoomingScrollView.swift; path = ../../Source/SSZoomingScrollView.swift; sourceTree = "<group>"; };
		16F1B6C81B521D1A003BF3CD /* TableViewController.swift */ = {isa = PBXFileReference; fileEncoding = 4; lastKnownFileType = sourcecode.swift; path = TableViewController.swift; sourceTree = "<group>"; };
		16F1B6CB1B521FA6003BF3CD /* photo1l.jpg */ = {isa = PBXFileReference; lastKnownFileType = image.jpeg; path = photo1l.jpg; sourceTree = "<group>"; };
		16F1B6CC1B521FA6003BF3CD /* photo1m.jpg */ = {isa = PBXFileReference; lastKnownFileType = image.jpeg; path = photo1m.jpg; sourceTree = "<group>"; };
		16F1B6CD1B521FA6003BF3CD /* photo2l.jpg */ = {isa = PBXFileReference; lastKnownFileType = image.jpeg; path = photo2l.jpg; sourceTree = "<group>"; };
		16F1B6CE1B521FA6003BF3CD /* photo2m.jpg */ = {isa = PBXFileReference; lastKnownFileType = image.jpeg; path = photo2m.jpg; sourceTree = "<group>"; };
		16F1B6CF1B521FA6003BF3CD /* photo3l.jpg */ = {isa = PBXFileReference; lastKnownFileType = image.jpeg; path = photo3l.jpg; sourceTree = "<group>"; };
		16F1B6D01B521FA6003BF3CD /* photo3m.jpg */ = {isa = PBXFileReference; lastKnownFileType = image.jpeg; path = photo3m.jpg; sourceTree = "<group>"; };
		16F1B6D11B521FA6003BF3CD /* photo4l.jpg */ = {isa = PBXFileReference; lastKnownFileType = image.jpeg; path = photo4l.jpg; sourceTree = "<group>"; };
		16F1B6D21B521FA6003BF3CD /* photo4m.jpg */ = {isa = PBXFileReference; lastKnownFileType = image.jpeg; path = photo4m.jpg; sourceTree = "<group>"; };
		607FACD01AFB9204008FA782 /* SSImageBrowser_Example.app */ = {isa = PBXFileReference; explicitFileType = wrapper.application; includeInIndex = 0; path = SSImageBrowser_Example.app; sourceTree = BUILT_PRODUCTS_DIR; };
		607FACD41AFB9204008FA782 /* Info.plist */ = {isa = PBXFileReference; lastKnownFileType = text.plist.xml; path = Info.plist; sourceTree = "<group>"; };
		607FACD51AFB9204008FA782 /* AppDelegate.swift */ = {isa = PBXFileReference; lastKnownFileType = sourcecode.swift; path = AppDelegate.swift; sourceTree = "<group>"; };
		607FACDA1AFB9204008FA782 /* Base */ = {isa = PBXFileReference; lastKnownFileType = file.storyboard; name = Base; path = Base.lproj/Main.storyboard; sourceTree = "<group>"; };
		607FACDC1AFB9204008FA782 /* Images.xcassets */ = {isa = PBXFileReference; lastKnownFileType = folder.assetcatalog; path = Images.xcassets; sourceTree = "<group>"; };
		607FACDF1AFB9204008FA782 /* Base */ = {isa = PBXFileReference; lastKnownFileType = file.xib; name = Base; path = Base.lproj/LaunchScreen.xib; sourceTree = "<group>"; };
		607FACEA1AFB9204008FA782 /* Info.plist */ = {isa = PBXFileReference; lastKnownFileType = text.plist.xml; path = Info.plist; sourceTree = "<group>"; };
		607FACEB1AFB9204008FA782 /* Tests.swift */ = {isa = PBXFileReference; lastKnownFileType = sourcecode.swift; path = Tests.swift; sourceTree = "<group>"; };
		A296325F5F5A4F799779C1FC /* README.md */ = {isa = PBXFileReference; includeInIndex = 1; lastKnownFileType = net.daringfireball.markdown; name = README.md; path = ../README.md; sourceTree = "<group>"; };
		E31A2C5F75DADDCB93FEFCC3 /* SSImageBrowser.podspec */ = {isa = PBXFileReference; includeInIndex = 1; lastKnownFileType = text; name = SSImageBrowser.podspec; path = ../SSImageBrowser.podspec; sourceTree = "<group>"; };
		EEEB331EC3A4E74D8BF994D3 /* LICENSE */ = {isa = PBXFileReference; includeInIndex = 1; lastKnownFileType = text; name = LICENSE; path = ../LICENSE; sourceTree = "<group>"; };
/* End PBXFileReference section */

/* Begin PBXFrameworksBuildPhase section */
		169974781D00229300B6E953 /* Frameworks */ = {
			isa = PBXFrameworksBuildPhase;
			buildActionMask = 2147483647;
			files = (
				169974941D0022BE00B6E953 /* Photos.framework in Frameworks */,
				169974921D0022B900B6E953 /* Security.framework in Frameworks */,
				169974901D0022B300B6E953 /* MobileCoreServices.framework in Frameworks */,
				1699748E1D0022AC00B6E953 /* SystemConfiguration.framework in Frameworks */,
				1699748C1D0022A500B6E953 /* QuartzCore.framework in Frameworks */,
				1699748A1D00229E00B6E953 /* MessageUI.framework in Frameworks */,
			);
			runOnlyForDeploymentPostprocessing = 0;
		};
		607FACCD1AFB9204008FA782 /* Frameworks */ = {
			isa = PBXFrameworksBuildPhase;
			buildActionMask = 2147483647;
			files = (
				169974831D00229300B6E953 /* SSImageBrowser.framework in Frameworks */,
			);
			runOnlyForDeploymentPostprocessing = 0;
		};
/* End PBXFrameworksBuildPhase section */

/* Begin PBXGroup section */
		1699747D1D00229300B6E953 /* SSImageBrowser */ = {
			isa = PBXGroup;
			children = (
				169974951D0022F000B6E953 /* IDMPBLocalizations.bundle */,
				169974961D0022F000B6E953 /* IDMPhotoBrowser.bundle */,
				169974971D0022F000B6E953 /* SSCaptionView.swift */,
				169974981D0022F000B6E953 /* SSConfig.swift */,
				169974991D0022F000B6E953 /* SSImageBrowser.swift */,
				1699749A1D0022F000B6E953 /* SSPhoto.swift */,
				1699749C1D0022F000B6E953 /* SSTapDetectingImageView.swift */,
				1699749D1D0022F000B6E953 /* SSTapDetectingView.swift */,
				1699749E1D0022F000B6E953 /* SSZoomingScrollView.swift */,
				1699747E1D00229300B6E953 /* SSImageBrowser.h */,
				169974801D00229300B6E953 /* Info.plist */,
			);
			path = SSImageBrowser;
			sourceTree = "<group>";
		};
		16F1B6CA1B521FA6003BF3CD /* Photos */ = {
			isa = PBXGroup;
			children = (
				16F1B6CB1B521FA6003BF3CD /* photo1l.jpg */,
				16F1B6CC1B521FA6003BF3CD /* photo1m.jpg */,
				16F1B6CD1B521FA6003BF3CD /* photo2l.jpg */,
				16F1B6CE1B521FA6003BF3CD /* photo2m.jpg */,
				16F1B6CF1B521FA6003BF3CD /* photo3l.jpg */,
				16F1B6D01B521FA6003BF3CD /* photo3m.jpg */,
				16F1B6D11B521FA6003BF3CD /* photo4l.jpg */,
				16F1B6D21B521FA6003BF3CD /* photo4m.jpg */,
			);
			path = Photos;
			sourceTree = "<group>";
		};
		607FACC71AFB9204008FA782 = {
			isa = PBXGroup;
			children = (
				16F1B6CA1B521FA6003BF3CD /* Photos */,
				607FACF51AFB993E008FA782 /* Podspec Metadata */,
				607FACD21AFB9204008FA782 /* Example for SSImageBrowser */,
				607FACE81AFB9204008FA782 /* Tests */,
				1699747D1D00229300B6E953 /* SSImageBrowser */,
				607FACD11AFB9204008FA782 /* Products */,
				B8CB4E9AFE6103DE56DE8FCC /* Frameworks */,
			);
			sourceTree = "<group>";
		};
		607FACD11AFB9204008FA782 /* Products */ = {
			isa = PBXGroup;
			children = (
				607FACD01AFB9204008FA782 /* SSImageBrowser_Example.app */,
				1699747C1D00229300B6E953 /* SSImageBrowser.framework */,
			);
			name = Products;
			sourceTree = "<group>";
		};
		607FACD21AFB9204008FA782 /* Example for SSImageBrowser */ = {
			isa = PBXGroup;
			children = (
				607FACD51AFB9204008FA782 /* AppDelegate.swift */,
				16F1B6C81B521D1A003BF3CD /* TableViewController.swift */,
				607FACD91AFB9204008FA782 /* Main.storyboard */,
				607FACDC1AFB9204008FA782 /* Images.xcassets */,
				607FACDE1AFB9204008FA782 /* LaunchScreen.xib */,
				607FACD31AFB9204008FA782 /* Supporting Files */,
			);
			name = "Example for SSImageBrowser";
			path = SSImageBrowser;
			sourceTree = "<group>";
		};
		607FACD31AFB9204008FA782 /* Supporting Files */ = {
			isa = PBXGroup;
			children = (
				607FACD41AFB9204008FA782 /* Info.plist */,
			);
			name = "Supporting Files";
			sourceTree = "<group>";
		};
		607FACE81AFB9204008FA782 /* Tests */ = {
			isa = PBXGroup;
			children = (
				607FACEB1AFB9204008FA782 /* Tests.swift */,
				607FACE91AFB9204008FA782 /* Supporting Files */,
			);
			path = Tests;
			sourceTree = "<group>";
		};
		607FACE91AFB9204008FA782 /* Supporting Files */ = {
			isa = PBXGroup;
			children = (
				607FACEA1AFB9204008FA782 /* Info.plist */,
			);
			name = "Supporting Files";
			sourceTree = "<group>";
		};
		607FACF51AFB993E008FA782 /* Podspec Metadata */ = {
			isa = PBXGroup;
			children = (
				E31A2C5F75DADDCB93FEFCC3 /* SSImageBrowser.podspec */,
				A296325F5F5A4F799779C1FC /* README.md */,
				EEEB331EC3A4E74D8BF994D3 /* LICENSE */,
			);
			name = "Podspec Metadata";
			sourceTree = "<group>";
		};
		B8CB4E9AFE6103DE56DE8FCC /* Frameworks */ = {
			isa = PBXGroup;
			children = (
				169974931D0022BE00B6E953 /* Photos.framework */,
				169974911D0022B900B6E953 /* Security.framework */,
				1699748F1D0022B300B6E953 /* MobileCoreServices.framework */,
				1699748D1D0022AC00B6E953 /* SystemConfiguration.framework */,
				1699748B1D0022A500B6E953 /* QuartzCore.framework */,
				169974891D00229E00B6E953 /* MessageUI.framework */,
			);
			name = Frameworks;
			sourceTree = "<group>";
		};
/* End PBXGroup section */

/* Begin PBXHeadersBuildPhase section */
		169974791D00229300B6E953 /* Headers */ = {
			isa = PBXHeadersBuildPhase;
			buildActionMask = 2147483647;
			files = (
				1699747F1D00229300B6E953 /* SSImageBrowser.h in Headers */,
			);
			runOnlyForDeploymentPostprocessing = 0;
		};
/* End PBXHeadersBuildPhase section */

/* Begin PBXNativeTarget section */
		1699747B1D00229300B6E953 /* SSImageBrowser */ = {
			isa = PBXNativeTarget;
			buildConfigurationList = 169974871D00229300B6E953 /* Build configuration list for PBXNativeTarget "SSImageBrowser" */;
			buildPhases = (
				169974771D00229300B6E953 /* Sources */,
				169974781D00229300B6E953 /* Frameworks */,
				169974791D00229300B6E953 /* Headers */,
				1699747A1D00229300B6E953 /* Resources */,
			);
			buildRules = (
			);
			dependencies = (
			);
			name = SSImageBrowser;
			productName = SSImageBrowser;
			productReference = 1699747C1D00229300B6E953 /* SSImageBrowser.framework */;
			productType = "com.apple.product-type.framework";
		};
		607FACCF1AFB9204008FA782 /* SSImageBrowser_Example */ = {
			isa = PBXNativeTarget;
			buildConfigurationList = 607FACEF1AFB9204008FA782 /* Build configuration list for PBXNativeTarget "SSImageBrowser_Example" */;
			buildPhases = (
				607FACCC1AFB9204008FA782 /* Sources */,
				607FACCD1AFB9204008FA782 /* Frameworks */,
				607FACCE1AFB9204008FA782 /* Resources */,
				169974881D00229300B6E953 /* Embed Frameworks */,
			);
			buildRules = (
			);
			dependencies = (
				169974821D00229300B6E953 /* PBXTargetDependency */,
			);
			name = SSImageBrowser_Example;
			productName = SSImageBrowser;
			productReference = 607FACD01AFB9204008FA782 /* SSImageBrowser_Example.app */;
			productType = "com.apple.product-type.application";
		};
/* End PBXNativeTarget section */

/* Begin PBXProject section */
		607FACC81AFB9204008FA782 /* Project object */ = {
			isa = PBXProject;
			attributes = {
				LastSwiftUpdateCheck = 0730;
				LastUpgradeCheck = 0800;
				ORGANIZATIONNAME = CocoaPods;
				TargetAttributes = {
					1699747B1D00229300B6E953 = {
						CreatedOnToolsVersion = 7.3.1;
						LastSwiftMigration = 0800;
					};
					607FACCF1AFB9204008FA782 = {
						CreatedOnToolsVersion = 6.3.1;
						DevelopmentTeam = L5W9FHSX92;
						LastSwiftMigration = 0800;
					};
				};
			};
			buildConfigurationList = 607FACCB1AFB9204008FA782 /* Build configuration list for PBXProject "SSImageBrowser" */;
			compatibilityVersion = "Xcode 3.2";
			developmentRegion = English;
			hasScannedForEncodings = 0;
			knownRegions = (
				en,
				Base,
			);
			mainGroup = 607FACC71AFB9204008FA782;
			productRefGroup = 607FACD11AFB9204008FA782 /* Products */;
			projectDirPath = "";
			projectRoot = "";
			targets = (
				607FACCF1AFB9204008FA782 /* SSImageBrowser_Example */,
				1699747B1D00229300B6E953 /* SSImageBrowser */,
			);
		};
/* End PBXProject section */

/* Begin PBXResourcesBuildPhase section */
		1699747A1D00229300B6E953 /* Resources */ = {
			isa = PBXResourcesBuildPhase;
			buildActionMask = 2147483647;
			files = (
				169974A01D0022F000B6E953 /* IDMPhotoBrowser.bundle in Resources */,
				1699749F1D0022F000B6E953 /* IDMPBLocalizations.bundle in Resources */,
			);
			runOnlyForDeploymentPostprocessing = 0;
		};
		607FACCE1AFB9204008FA782 /* Resources */ = {
			isa = PBXResourcesBuildPhase;
			buildActionMask = 2147483647;
			files = (
				16F1B6D81B521FA6003BF3CD /* photo3m.jpg in Resources */,
				16F1B6D51B521FA6003BF3CD /* photo2l.jpg in Resources */,
				607FACDB1AFB9204008FA782 /* Main.storyboard in Resources */,
				16F1B6D41B521FA6003BF3CD /* photo1m.jpg in Resources */,
				16F1B6D71B521FA6003BF3CD /* photo3l.jpg in Resources */,
				16F1B6D31B521FA6003BF3CD /* photo1l.jpg in Resources */,
				16F1B6D91B521FA6003BF3CD /* photo4l.jpg in Resources */,
				607FACE01AFB9204008FA782 /* LaunchScreen.xib in Resources */,
				607FACDD1AFB9204008FA782 /* Images.xcassets in Resources */,
				16F1B6D61B521FA6003BF3CD /* photo2m.jpg in Resources */,
				16F1B6DA1B521FA6003BF3CD /* photo4m.jpg in Resources */,
			);
			runOnlyForDeploymentPostprocessing = 0;
		};
/* End PBXResourcesBuildPhase section */

/* Begin PBXSourcesBuildPhase section */
		169974771D00229300B6E953 /* Sources */ = {
			isa = PBXSourcesBuildPhase;
			buildActionMask = 2147483647;
			files = (
				169974A71D0022F000B6E953 /* SSTapDetectingView.swift in Sources */,
				169974A61D0022F000B6E953 /* SSTapDetectingImageView.swift in Sources */,
				169974A41D0022F000B6E953 /* SSPhoto.swift in Sources */,
				169974A31D0022F000B6E953 /* SSImageBrowser.swift in Sources */,
				169974A11D0022F000B6E953 /* SSCaptionView.swift in Sources */,
				169974A21D0022F000B6E953 /* SSConfig.swift in Sources */,
				169974A81D0022F000B6E953 /* SSZoomingScrollView.swift in Sources */,
			);
			runOnlyForDeploymentPostprocessing = 0;
		};
		607FACCC1AFB9204008FA782 /* Sources */ = {
			isa = PBXSourcesBuildPhase;
			buildActionMask = 2147483647;
			files = (
				16F1B6C91B521D1A003BF3CD /* TableViewController.swift in Sources */,
				607FACD61AFB9204008FA782 /* AppDelegate.swift in Sources */,
			);
			runOnlyForDeploymentPostprocessing = 0;
		};
/* End PBXSourcesBuildPhase section */

/* Begin PBXTargetDependency section */
		169974821D00229300B6E953 /* PBXTargetDependency */ = {
			isa = PBXTargetDependency;
			target = 1699747B1D00229300B6E953 /* SSImageBrowser */;
			targetProxy = 169974811D00229300B6E953 /* PBXContainerItemProxy */;
		};
/* End PBXTargetDependency section */

/* Begin PBXVariantGroup section */
		607FACD91AFB9204008FA782 /* Main.storyboard */ = {
			isa = PBXVariantGroup;
			children = (
				607FACDA1AFB9204008FA782 /* Base */,
			);
			name = Main.storyboard;
			sourceTree = "<group>";
		};
		607FACDE1AFB9204008FA782 /* LaunchScreen.xib */ = {
			isa = PBXVariantGroup;
			children = (
				607FACDF1AFB9204008FA782 /* Base */,
			);
			name = LaunchScreen.xib;
			sourceTree = "<group>";
		};
/* End PBXVariantGroup section */

/* Begin XCBuildConfiguration section */
		169974851D00229300B6E953 /* Debug */ = {
			isa = XCBuildConfiguration;
			buildSettings = {
				CLANG_ANALYZER_NONNULL = YES;
				CLANG_ENABLE_MODULES = YES;
				"CODE_SIGN_IDENTITY[sdk=iphoneos*]" = "";
				CURRENT_PROJECT_VERSION = 1;
				DEBUG_INFORMATION_FORMAT = dwarf;
				DEFINES_MODULE = YES;
				DYLIB_COMPATIBILITY_VERSION = 1;
				DYLIB_CURRENT_VERSION = 1;
				DYLIB_INSTALL_NAME_BASE = "@rpath";
				INFOPLIST_FILE = SSImageBrowser/Info.plist;
				INSTALL_PATH = "$(LOCAL_LIBRARY_DIR)/Frameworks";
				IPHONEOS_DEPLOYMENT_TARGET = 8.0;
				LD_RUNPATH_SEARCH_PATHS = "$(inherited) @executable_path/Frameworks @loader_path/Frameworks";
				PRODUCT_BUNDLE_IDENTIFIER = com.SelfStudio.SSImageBrowser;
				PRODUCT_NAME = "$(TARGET_NAME)";
				SKIP_INSTALL = YES;
				SWIFT_OPTIMIZATION_LEVEL = "-Onone";
				SWIFT_VERSION = 3.0;
				TARGETED_DEVICE_FAMILY = "1,2";
				VERSIONING_SYSTEM = "apple-generic";
				VERSION_INFO_PREFIX = "";
			};
			name = Debug;
		};
		169974861D00229300B6E953 /* Release */ = {
			isa = XCBuildConfiguration;
			buildSettings = {
				CLANG_ANALYZER_NONNULL = YES;
				CLANG_ENABLE_MODULES = YES;
				"CODE_SIGN_IDENTITY[sdk=iphoneos*]" = "";
				CURRENT_PROJECT_VERSION = 1;
				DEFINES_MODULE = YES;
				DYLIB_COMPATIBILITY_VERSION = 1;
				DYLIB_CURRENT_VERSION = 1;
				DYLIB_INSTALL_NAME_BASE = "@rpath";
				INFOPLIST_FILE = SSImageBrowser/Info.plist;
				INSTALL_PATH = "$(LOCAL_LIBRARY_DIR)/Frameworks";
				IPHONEOS_DEPLOYMENT_TARGET = 8.0;
				LD_RUNPATH_SEARCH_PATHS = "$(inherited) @executable_path/Frameworks @loader_path/Frameworks";
				PRODUCT_BUNDLE_IDENTIFIER = com.SelfStudio.SSImageBrowser;
				PRODUCT_NAME = "$(TARGET_NAME)";
				SKIP_INSTALL = YES;
				SWIFT_VERSION = 3.0;
				TARGETED_DEVICE_FAMILY = "1,2";
				VERSIONING_SYSTEM = "apple-generic";
				VERSION_INFO_PREFIX = "";
			};
			name = Release;
		};
		607FACED1AFB9204008FA782 /* Debug */ = {
			isa = XCBuildConfiguration;
			buildSettings = {
				ALWAYS_SEARCH_USER_PATHS = NO;
				CLANG_CXX_LANGUAGE_STANDARD = "gnu++0x";
				CLANG_CXX_LIBRARY = "libc++";
				CLANG_ENABLE_MODULES = YES;
				CLANG_ENABLE_OBJC_ARC = YES;
				CLANG_WARN_BOOL_CONVERSION = YES;
				CLANG_WARN_CONSTANT_CONVERSION = YES;
				CLANG_WARN_DIRECT_OBJC_ISA_USAGE = YES_ERROR;
				CLANG_WARN_EMPTY_BODY = YES;
				CLANG_WARN_ENUM_CONVERSION = YES;
				CLANG_WARN_INFINITE_RECURSION = YES;
				CLANG_WARN_INT_CONVERSION = YES;
				CLANG_WARN_OBJC_ROOT_CLASS = YES_ERROR;
				CLANG_WARN_SUSPICIOUS_MOVE = YES;
				CLANG_WARN_UNREACHABLE_CODE = YES;
				CLANG_WARN__DUPLICATE_METHOD_MATCH = YES;
				"CODE_SIGN_IDENTITY[sdk=iphoneos*]" = "iPhone Developer";
				COPY_PHASE_STRIP = NO;
				DEBUG_INFORMATION_FORMAT = "dwarf-with-dsym";
				ENABLE_STRICT_OBJC_MSGSEND = YES;
				ENABLE_TESTABILITY = YES;
				GCC_C_LANGUAGE_STANDARD = gnu99;
				GCC_DYNAMIC_NO_PIC = NO;
				GCC_NO_COMMON_BLOCKS = YES;
				GCC_OPTIMIZATION_LEVEL = 0;
				GCC_PREPROCESSOR_DEFINITIONS = (
					"DEBUG=1",
					"$(inherited)",
				);
				GCC_SYMBOLS_PRIVATE_EXTERN = NO;
				GCC_WARN_64_TO_32_BIT_CONVERSION = YES;
				GCC_WARN_ABOUT_RETURN_TYPE = YES_ERROR;
				GCC_WARN_UNDECLARED_SELECTOR = YES;
				GCC_WARN_UNINITIALIZED_AUTOS = YES_AGGRESSIVE;
				GCC_WARN_UNUSED_FUNCTION = YES;
				GCC_WARN_UNUSED_VARIABLE = YES;
				IPHONEOS_DEPLOYMENT_TARGET = 8.0;
				MTL_ENABLE_DEBUG_INFO = YES;
				ONLY_ACTIVE_ARCH = YES;
				SDKROOT = iphoneos;
				SWIFT_OPTIMIZATION_LEVEL = "-Onone";
			};
			name = Debug;
		};
		607FACEE1AFB9204008FA782 /* Release */ = {
			isa = XCBuildConfiguration;
			buildSettings = {
				ALWAYS_SEARCH_USER_PATHS = NO;
				CLANG_CXX_LANGUAGE_STANDARD = "gnu++0x";
				CLANG_CXX_LIBRARY = "libc++";
				CLANG_ENABLE_MODULES = YES;
				CLANG_ENABLE_OBJC_ARC = YES;
				CLANG_WARN_BOOL_CONVERSION = YES;
				CLANG_WARN_CONSTANT_CONVERSION = YES;
				CLANG_WARN_DIRECT_OBJC_ISA_USAGE = YES_ERROR;
				CLANG_WARN_EMPTY_BODY = YES;
				CLANG_WARN_ENUM_CONVERSION = YES;
				CLANG_WARN_INFINITE_RECURSION = YES;
				CLANG_WARN_INT_CONVERSION = YES;
				CLANG_WARN_OBJC_ROOT_CLASS = YES_ERROR;
				CLANG_WARN_SUSPICIOUS_MOVE = YES;
				CLANG_WARN_UNREACHABLE_CODE = YES;
				CLANG_WARN__DUPLICATE_METHOD_MATCH = YES;
				"CODE_SIGN_IDENTITY[sdk=iphoneos*]" = "iPhone Developer";
				COPY_PHASE_STRIP = NO;
				DEBUG_INFORMATION_FORMAT = "dwarf-with-dsym";
				ENABLE_NS_ASSERTIONS = NO;
				ENABLE_STRICT_OBJC_MSGSEND = YES;
				GCC_C_LANGUAGE_STANDARD = gnu99;
				GCC_NO_COMMON_BLOCKS = YES;
				GCC_WARN_64_TO_32_BIT_CONVERSION = YES;
				GCC_WARN_ABOUT_RETURN_TYPE = YES_ERROR;
				GCC_WARN_UNDECLARED_SELECTOR = YES;
				GCC_WARN_UNINITIALIZED_AUTOS = YES_AGGRESSIVE;
				GCC_WARN_UNUSED_FUNCTION = YES;
				GCC_WARN_UNUSED_VARIABLE = YES;
				IPHONEOS_DEPLOYMENT_TARGET = 8.0;
				MTL_ENABLE_DEBUG_INFO = NO;
				SDKROOT = iphoneos;
				SWIFT_OPTIMIZATION_LEVEL = "-Owholemodule";
				VALIDATE_PRODUCT = YES;
			};
			name = Release;
		};
		607FACF01AFB9204008FA782 /* Debug */ = {
			isa = XCBuildConfiguration;
			buildSettings = {
				ALWAYS_EMBED_SWIFT_STANDARD_LIBRARIES = YES;
				ASSETCATALOG_COMPILER_APPICON_NAME = AppIcon;
				CLANG_ENABLE_MODULES = YES;
				DEVELOPMENT_TEAM = L5W9FHSX92;
				INFOPLIST_FILE = SSImageBrowser/Info.plist;
				LD_RUNPATH_SEARCH_PATHS = "$(inherited) @executable_path/Frameworks";
				MODULE_NAME = ExampleApp;
				PRODUCT_BUNDLE_IDENTIFIER = "org.cocoapods.demo.$(PRODUCT_NAME:rfc1034identifier)";
				PRODUCT_NAME = "$(TARGET_NAME)";
				SWIFT_OPTIMIZATION_LEVEL = "-Onone";
				SWIFT_VERSION = 3.0;
			};
			name = Debug;
		};
		607FACF11AFB9204008FA782 /* Release */ = {
			isa = XCBuildConfiguration;
			buildSettings = {
				ALWAYS_EMBED_SWIFT_STANDARD_LIBRARIES = YES;
				ASSETCATALOG_COMPILER_APPICON_NAME = AppIcon;
				CLANG_ENABLE_MODULES = YES;
				DEVELOPMENT_TEAM = L5W9FHSX92;
				INFOPLIST_FILE = SSImageBrowser/Info.plist;
				LD_RUNPATH_SEARCH_PATHS = "$(inherited) @executable_path/Frameworks";
				MODULE_NAME = ExampleApp;
				PRODUCT_BUNDLE_IDENTIFIER = "org.cocoapods.demo.$(PRODUCT_NAME:rfc1034identifier)";
				PRODUCT_NAME = "$(TARGET_NAME)";
				SWIFT_VERSION = 3.0;
			};
			name = Release;
		};
/* End XCBuildConfiguration section */

/* Begin XCConfigurationList section */
		169974871D00229300B6E953 /* Build configuration list for PBXNativeTarget "SSImageBrowser" */ = {
			isa = XCConfigurationList;
			buildConfigurations = (
				169974851D00229300B6E953 /* Debug */,
				169974861D00229300B6E953 /* Release */,
			);
			defaultConfigurationIsVisible = 0;
			defaultConfigurationName = Release;
		};
		607FACCB1AFB9204008FA782 /* Build configuration list for PBXProject "SSImageBrowser" */ = {
			isa = XCConfigurationList;
			buildConfigurations = (
				607FACED1AFB9204008FA782 /* Debug */,
				607FACEE1AFB9204008FA782 /* Release */,
			);
			defaultConfigurationIsVisible = 0;
			defaultConfigurationName = Release;
		};
		607FACEF1AFB9204008FA782 /* Build configuration list for PBXNativeTarget "SSImageBrowser_Example" */ = {
			isa = XCConfigurationList;
			buildConfigurations = (
				607FACF01AFB9204008FA782 /* Debug */,
				607FACF11AFB9204008FA782 /* Release */,
			);
			defaultConfigurationIsVisible = 0;
			defaultConfigurationName = Release;
		};
/* End XCConfigurationList section */
	};
	rootObject = 607FACC81AFB9204008FA782 /* Project object */;
}
